
Microsoft Visual Studio Solution File, Format Version 12.00
Project("{FAE04EC0-301F-11D3-BF4B-00C04F79EFBC}") = "SimpleUnlocker", "SimpleUnlocker\SimpleUnlocker.csproj", "{BB306404-6D08-43A2-8168-C0E6F38E1799}"
EndProject
Global
	GlobalSection(SolutionConfigurationPlatforms) = preSolution
		Debug|Any CPU = Debug|Any CPU
		Release|Any CPU = Release|Any CPU
	EndGlobalSection
	GlobalSection(ProjectConfigurationPlatforms) = postSolution
		{BB306404-6D08-43A2-8168-C0E6F38E1799}.Debug|Any CPU.ActiveCfg = Debug|Any CPU
		{BB306404-6D08-43A2-8168-C0E6F38E1799}.Debug|Any CPU.Build.0 = Debug|Any CPU
		{BB306404-6D08-43A2-8168-C0E6F38E1799}.Release|Any CPU.ActiveCfg = Release|Any CPU
		{BB306404-6D08-43A2-8168-C0E6F38E1799}.Release|Any CPU.Build.0 = Release|Any CPU
	EndGlobalSection
EndGlobal
